
Microsoft Visual Studio Solution File, Format Version 12.00
# Visual Studio Version 16
VisualStudioVersion = 16.0.29230.47
MinimumVisualStudioVersion = 10.0.40219.1
Project("{FAE04EC0-301F-11D3-BF4B-00C04F79EFBC}") = "Registro Terapeutico", "Registro Terapeutico\Registro Terapeutico.csproj", "{410525FD-4573-4DAE-ADB4-D2DA68FFC6A4}"
EndProject
Project("{54435603-DBB4-11D2-8724-00A0C9A8B90C}") = "Instalador", "Instalador\Instalador.vdproj", "{0C4B89E8-729B-462C-BF3D-B7E6103EB4D3}"
EndProject
Global
	GlobalSection(SolutionConfigurationPlatforms) = preSolution
		Debug|Any CPU = Debug|Any CPU
		Release|Any CPU = Release|Any CPU
	EndGlobalSection
	GlobalSection(ProjectConfigurationPlatforms) = postSolution
		{410525FD-4573-4DAE-ADB4-D2DA68FFC6A4}.Debug|Any CPU.ActiveCfg = Debug|Any CPU
		{410525FD-4573-4DAE-ADB4-D2DA68FFC6A4}.Debug|Any CPU.Build.0 = Debug|Any CPU
		{410525FD-4573-4DAE-ADB4-D2DA68FFC6A4}.Release|Any CPU.ActiveCfg = Release|Any CPU
		{410525FD-4573-4DAE-ADB4-D2DA68FFC6A4}.Release|Any CPU.Build.0 = Release|Any CPU
		{0C4B89E8-729B-462C-BF3D-B7E6103EB4D3}.Debug|Any CPU.ActiveCfg = Debug
		{0C4B89E8-729B-462C-BF3D-B7E6103EB4D3}.Release|Any CPU.ActiveCfg = Release
	EndGlobalSection
	GlobalSection(SolutionProperties) = preSolution
		HideSolutionNode = FALSE
	EndGlobalSection
	GlobalSection(ExtensibilityGlobals) = postSolution
		SolutionGuid = {68DE7D01-3B0B-4811-8436-888323ED4500}
	EndGlobalSection
EndGlobal
